Microsoft Visual Studio Solution File, Format Version 12.00
# Visual Studio 14
VisualStudioVersion = 14.0.25420.1
MinimumVisualStudioVersion = 10.0.40219.1
Project("{8BC9CEB8-8B4A-11D0-8D11-00A0C91BC942}") = "StreamClient", "StreamClient\StreamClient.vcxproj", "{71D079B7-91C6-4CA2-8BFE-E369835DA8F3}"
EndProject
Project("{8BC9CEB8-8B4A-11D0-8D11-00A0C91BC942}") = "StreamServer", "StreamServer\StreamServer.vcxproj", "{287B68D2-7381-4E78-AC72-79A49738228D}"
EndProject
Global
	GlobalSection(SolutionConfigurationPlatforms) = preSolution
		Debug|Win32 = Debug|Win32
		Release|Win32 = Release|Win32
	EndGlobalSection
	GlobalSection(ProjectConfigurationPlatforms) = postSolution
		{71D079B7-91C6-4CA2-8BFE-E369835DA8F3}.Debug|Win32.ActiveCfg = Debug|Win32
		{71D079B7-91C6-4CA2-8BFE-E369835DA8F3}.Debug|Win32.Build.0 = Debug|Win32
		{71D079B7-91C6-4CA2-8BFE-E369835DA8F3}.Release|Win32.ActiveCfg = Release|Win32
		{71D079B7-91C6-4CA2-8BFE-E369835DA8F3}.Release|Win32.Build.0 = Release|Win32
		{287B68D2-7381-4E78-AC72-79A49738228D}.Debug|Win32.ActiveCfg = Debug|Win32
		{287B68D2-7381-4E78-AC72-79A49738228D}.Debug|Win32.Build.0 = Debug|Win32
		{287B68D2-7381-4E78-AC72-79A49738228D}.Release|Win32.ActiveCfg = Release|Win32
		{287B68D2-7381-4E78-AC72-79A49738228D}.Release|Win32.Build.0 = Release|Win32
	EndGlobalSection
	GlobalSection(SolutionProperties) = preSolution
		HideSolutionNode = FALSE
	EndGlobalSection
EndGlobal
